// !$*UTF8*$!
{
	archiveVersion = 1;
	classes = {
	};
	objectVersion = 46;
	objects = {

/* Begin PBXBuildFile section */
		08C8B3A81D088E8C002F3CDC /* AppDelegate.swift in Sources */ = {isa = PBXBuildFile; fileRef = 08C8B3A71D088E8C002F3CDC /* AppDelegate.swift */; };
		08C8B3AA1D088E8C002F3CDC /* ViewController.swift in Sources */ = {isa = PBXBuildFile; fileRef = 08C8B3A91D088E8C002F3CDC /* ViewController.swift */; };
		08C8B3AD1D088E8C002F3CDC /* Main.storyboard in Resources */ = {isa = PBXBuildFile; fileRef = 08C8B3AB1D088E8C002F3CDC /* Main.storyboard */; };
		08C8B3AF1D088E8C002F3CDC /* Assets.xcassets in Resources */ = {isa = PBXBuildFile; fileRef = 08C8B3AE1D088E8C002F3CDC /* Assets.xcassets */; };
		08C8B3B21D088E8C002F3CDC /* LaunchScreen.storyboard in Resources */ = {isa = PBXBuildFile; fileRef = 08C8B3B01D088E8C002F3CDC /* LaunchScreen.storyboard */; };
/* End PBXBuildFile section */

/* Begin PBXFileReference section */
		08C8B3A41D088E8C002F3CDC /* Super Cool.app */ = {isa = PBXFileReference; explicitFileType = wrapper.application; includeInIndex = 0; path = "Super Cool.app"; sourceTree = BUILT_PRODUCTS_DIR; };
		08C8B3A71D088E8C002F3CDC /* AppDelegate.swift */ = {isa = PBXFileReference; lastKnownFileType = sourcecode.swift; path = AppDelegate.swift; sourceTree = "<group>"; };
		08C8B3A91D088E8C002F3CDC /* ViewController.swift */ = {isa = PBXFileReference; lastKnownFileType = sourcecode.swift; path = ViewController.swift; sourceTree = "<group>"; };
		08C8B3AC1D088E8C002F3CDC /* Base */ = {isa = PBXFileReference; lastKnownFileType = file.storyboard; name = Base; path = Base.lproj/Main.storyboard; sourceTree = "<group>"; };
		08C8B3AE1D088E8C002F3CDC /* Assets.xcassets */ = {isa = PBXFileReference; lastKnownFileType = folder.assetcatalog; path = Assets.xcassets; sourceTree = "<group>"; };
		08C8B3B11D088E8C002F3CDC /* Base */ = {isa = PBXFileReference; lastKnownFileType = file.storyboard; name = Base; path = Base.lproj/LaunchScreen.storyboard; sourceTree = "<group>"; };
		08C8B3B31D088E8C002F3CDC /* Info.plist */ = {isa = PBXFileReference; lastKnownFileType = text.plist.xml; path = Info.plist; sourceTree = "<group>"; };
/* End PBXFileReference section */

/* Begin PBXFrameworksBuildPhase section */
		08C8B3A11D088E8C002F3CDC /* Frameworks */ = {
			isa = PBXFrameworksBuildPhase;
			buildActionMask = 2147483647;
			files = (
			);
			runOnlyForDeploymentPostprocessing = 0;
		};
/* End PBXFrameworksBuildPhase section */

/* Begin PBXGroup section */
		08C8B39B1D088E8C002F3CDC = {
			isa = PBXGroup;
			children = (
				08C8B3A61D088E8C002F3CDC /* Super Cool */,
				08C8B3A51D088E8C002F3CDC /* Products */,
			);
			sourceTree = "<group>";
		};
		08C8B3A51D088E8C002F3CDC /* Products */ = {
			isa = PBXGroup;
			children = (
				08C8B3A41D088E8C002F3CDC /* Super Cool.app */,
			);
			name = Products;
			sourceTree = "<group>";
		};
		08C8B3A61D088E8C002F3CDC /* Super Cool */ = {
			isa = PBXGroup;
			children = (
				08C8B3A71D088E8C002F3CDC /* AppDelegate.swift */,
				08C8B3A91D088E8C002F3CDC /* ViewController.swift */,
				08C8B3AB1D088E8C002F3CDC /* Main.storyboard */,
				08C8B3AE1D088E8C002F3CDC /* Assets.xcassets */,
				08C8B3B01D088E8C002F3CDC /* LaunchScreen.storyboard */,
				08C8B3B31D088E8C002F3CDC /* Info.plist */,
			);
			path = "Super Cool";
			sourceTree = "<group>";
		};
/* End PBXGroup section */

/* Begin PBXNativeTarget section */
		08C8B3A31D088E8C002F3CDC /* Super Cool */ = {
			isa = PBXNativeTarget;
			buildConfigurationList = 08C8B3B61D088E8C002F3CDC /* Build configuration list for PBXNativeTarget "Super Cool" */;
			buildPhases = (
				08C8B3A01D088E8C002F3CDC /* Sources */,
				08C8B3A11D088E8C002F3CDC /* Frameworks */,
				08C8B3A21D088E8C002F3CDC /* Resources */,
			);
			buildRules = (
			);
			dependencies = (
			);
			name = "Super Cool";
			productName = "Super Cool";
			productReference = 08C8B3A41D088E8C002F3CDC /* Super Cool.app */;
			productType = "com.apple.product-type.application";
		};
/* End PBXNativeTarget section */

/* Begin PBXProject section */
		08C8B39C1D088E8C002F3CDC /* Project object */ = {
			isa = PBXProject;
			attributes = {
				LastSwiftUpdateCheck = 0730;
				LastUpgradeCheck = 0730;
				ORGANIZATIONNAME = Truze;
				TargetAttributes = {
					08C8B3A31D088E8C002F3CDC = {
						CreatedOnToolsVersion = 7.3.1;
					};
				};
			};
			buildConfigurationList = 08C8B39F1D088E8C002F3CDC /* Build configuration list for PBXProject "Super Cool" */;
			compatibilityVersion = "Xcode 3.2";
			developmentRegion = English;
			hasScannedForEncodings = 0;
			knownRegions = (
				en,
				Base,
			);
			mainGroup = 08C8B39B1D088E8C002F3CDC;
			productRefGroup = 08C8B3A51D088E8C002F3CDC /* Products */;
			projectDirPath = "";
			projectRoot = "";
			targets = (
				08C8B3A31D088E8C002F3CDC /* Super Cool */,
			);
		};
/* End PBXProject section */

/* Begin PBXResourcesBuildPhase section */
		08C8B3A21D088E8C002F3CDC /* Resources */ = {
			isa = PBXResourcesBuildPhase;
			buildActionMask = 2147483647;
			files = (
				08C8B3B21D088E8C002F3CDC /* LaunchScreen.storyboard in Resources */,
				08C8B3AF1D088E8C002F3CDC /* Assets.xcassets in Resources */,
				08C8B3AD1D088E8C002F3CDC /* Main.storyboard in Resources */,
			);
			runOnlyForDeploymentPostprocessing = 0;
		};
/* End PBXResourcesBuildPhase section */

/* Begin PBXSourcesBuildPhase section */
		08C8B3A01D088E8C002F3CDC /* Sources */ = {
			isa = PBXSourcesBuildPhase;
			buildActionMask = 2147483647;
			files = (
				08C8B3AA1D088E8C002F3CDC /* ViewController.swift in Sources */,
				08C8B3A81D088E8C002F3CDC /* AppDelegate.swift in Sources */,
			);
			runOnlyForDeploymentPostprocessing = 0;
		};
/* End PBXSourcesBuildPhase section */

/* Begin PBXVariantGroup section */
		08C8B3AB1D088E8C002F3CDC /* Main.storyboard */ = {
			isa = PBXVariantGroup;
			children = (
				08C8B3AC1D088E8C002F3CDC /* Base */,
			);
			name = Main.storyboard;
			sourceTree = "<group>";
		};
		08C8B3B01D088E8C002F3CDC /* LaunchScreen.storyboard */ = {
			isa = PBXVariantGroup;
			children = (
				08C8B3B11D088E8C002F3CDC /* Base */,
			);
			name = LaunchScreen.storyboard;
			sourceTree = "<group>";
		};
/* End PBXVariantGroup section */

/* Begin XCBuildConfiguration section */
		08C8B3B41D088E8C002F3CDC /* Debug */ = {
			isa = XCBuildConfiguration;
			buildSettings = {
				ALWAYS_SEARCH_USER_PATHS = NO;
				CLANG_ANALYZER_NONNULL = YES;
				CLANG_CXX_LANGUAGE_STANDARD = "gnu++0x";
				CLANG_CXX_LIBRARY = "libc++";
				CLANG_ENABLE_MODULES = YES;
				CLANG_ENABLE_OBJC_ARC = YES;
				CLANG_WARN_BOOL_CONVERSION = YES;
				CLANG_WARN_CONSTANT_CONVERSION = YES;
				CLANG_WARN_DIRECT_OBJC_ISA_USAGE = YES_ERROR;
				CLANG_WARN_EMPTY_BODY = YES;
				CLANG_WARN_ENUM_CONVERSION = YES;
				CLANG_WARN_INT_CONVERSION = YES;
				CLANG_WARN_OBJC_ROOT_CLASS = YES_ERROR;
				CLANG_WARN_UNREACHABLE_CODE = YES;
				CLANG_WARN__DUPLICATE_METHOD_MATCH = YES;
				"CODE_SIGN_IDENTITY[sdk=iphoneos*]" = "iPhone Developer";
				COPY_PHASE_STRIP = NO;
				DEBUG_INFORMATION_FORMAT = dwarf;
				ENABLE_STRICT_OBJC_MSGSEND = YES;
				ENABLE_TESTABILITY = YES;
				GCC_C_LANGUAGE_STANDARD = gnu99;
				GCC_DYNAMIC_NO_PIC = NO;
				GCC_NO_COMMON_BLOCKS = YES;
				GCC_OPTIMIZATION_LEVEL = 0;
				GCC_PREPROCESSOR_DEFINITIONS = (
					"DEBUG=1",
					"$(inherited)",
				);
				GCC_WARN_64_TO_32_BIT_CONVERSION = YES;
				GCC_WARN_ABOUT_RETURN_TYPE = YES_ERROR;
				GCC_WARN_UNDECLARED_SELECTOR = YES;
				GCC_WARN_UNINITIALIZED_AUTOS = YES_AGGRESSIVE;
				GCC_WARN_UNUSED_FUNCTION = YES;
				GCC_WARN_UNUSED_VARIABLE = YES;
				IPHONEOS_DEPLOYMENT_TARGET = 9.3;
				MTL_ENABLE_DEBUG_INFO = YES;
				ONLY_ACTIVE_ARCH = YES;
				SDKROOT = iphoneos;
				SWIFT_OPTIMIZATION_LEVEL = "-Onone";
			};
			name = Debug;
		};
		08C8B3B51D088E8C002F3CDC /* Release */ = {
			isa = XCBuildConfiguration;
			buildSettings = {
				ALWAYS_SEARCH_USER_PATHS = NO;
				CLANG_ANALYZER_NONNULL = YES;
				CLANG_CXX_LANGUAGE_STANDARD = "gnu++0x";
				CLANG_CXX_LIBRARY = "libc++";
				CLANG_ENABLE_MODULES = YES;
				CLANG_ENABLE_OBJC_ARC = YES;
				CLANG_WARN_BOOL_CONVERSION = YES;
				CLANG_WARN_CONSTANT_CONVERSION = YES;
				CLANG_WARN_DIRECT_OBJC_ISA_USAGE = YES_ERROR;
				CLANG_WARN_EMPTY_BODY = YES;
				CLANG_WARN_ENUM_CONVERSION = YES;
				CLANG_WARN_INT_CONVERSION = YES;
				CLANG_WARN_OBJC_ROOT_CLASS = YES_ERROR;
				CLANG_WARN_UNREACHABLE_CODE = YES;
				CLANG_WARN__DUPLICATE_METHOD_MATCH = YES;
				"CODE_SIGN_IDENTITY[sdk=iphoneos*]" = "iPhone Developer";
				COPY_PHASE_STRIP = NO;
				DEBUG_INFORMATION_FORMAT = "dwarf-with-dsym";
				ENABLE_NS_ASSERTIONS = NO;
				ENABLE_STRICT_OBJC_MSGSEND = YES;
				GCC_C_LANGUAGE_STANDARD = gnu99;
				GCC_NO_COMMON_BLOCKS = YES;
				GCC_WARN_64_TO_32_BIT_CONVERSION = YES;
				GCC_WARN_ABOUT_RETURN_TYPE = YES_ERROR;
				GCC_WARN_UNDECLARED_SELECTOR = YES;
				GCC_WARN_UNINITIALIZED_AUTOS = YES_AGGRESSIVE;
				GCC_WARN_UNUSED_FUNCTION = YES;
				GCC_WARN_UNUSED_VARIABLE = YES;
				IPHONEOS_DEPLOYMENT_TARGET = 9.3;
				MTL_ENABLE_DEBUG_INFO = NO;
				SDKROOT = iphoneos;
				VALIDATE_PRODUCT = YES;
			};
			name = Release;
		};
		08C8B3B71D088E8C002F3CDC /* Debug */ = {
			isa = XCBuildConfiguration;
			buildSettings = {
				ASSETCATALOG_COMPILER_APPICON_NAME = AppIcon;
				INFOPLIST_FILE = "Super Cool/Info.plist";
				LD_RUNPATH_SEARCH_PATHS = "$(inherited) @executable_path/Frameworks";
				PRODUCT_BUNDLE_IDENTIFIER = "com.truze.Super-Cool";
				PRODUCT_NAME = "$(TARGET_NAME)";
			};
			name = Debug;
		};
		08C8B3B81D088E8C002F3CDC /* Release */ = {
			isa = XCBuildConfiguration;
			buildSettings = {
				ASSETCATALOG_COMPILER_APPICON_NAME = AppIcon;
				INFOPLIST_FILE = "Super Cool/Info.plist";
				LD_RUNPATH_SEARCH_PATHS = "$(inherited) @executable_path/Frameworks";
				PRODUCT_BUNDLE_IDENTIFIER = "com.truze.Super-Cool";
				PRODUCT_NAME = "$(TARGET_NAME)";
			};
			name = Release;
		};
/* End XCBuildConfiguration section */

/* Begin XCConfigurationList section */
		08C8B39F1D088E8C002F3CDC /* Build configuration list for PBXProject "Super Cool" */ = {
			isa = XCConfigurationList;
			buildConfigurations = (
				08C8B3B41D088E8C002F3CDC /* Debug */,
				08C8B3B51D088E8C002F3CDC /* Release */,
			);
			defaultConfigurationIsVisible = 0;
			defaultConfigurationName = Release;
		};
		08C8B3B61D088E8C002F3CDC /* Build configuration list for PBXNativeTarget "Super Cool" */ = {
			isa = XCConfigurationList;
			buildConfigurations = (
				08C8B3B71D088E8C002F3CDC /* Debug */,
				08C8B3B81D088E8C002F3CDC /* Release */,
			);
			defaultConfigurationIsVisible = 0;
		};
/* End XCConfigurationList section */
	};
	rootObject = 08C8B39C1D088E8C002F3CDC /* Project object */;
}
